
Microsoft Visual Studio Solution File, Format Version 12.00
# Visual Studio Version 16
VisualStudioVersion = 25.0.1704.3
MinimumVisualStudioVersion = 10.0.40219.1
Project("{FAE04EC0-301F-11D3-BF4B-00C04F79EFBC}") = "Week8.2.2", "Week8.2.2\Week8.2.2.csproj", "{FF5D38A0-6C60-434B-96BC-1BA8B16EA297}"
EndProject
Global
	GlobalSection(SolutionConfigurationPlatforms) = preSolution
		Debug|Any CPU = Debug|Any CPU
		Release|Any CPU = Release|Any CPU
	EndGlobalSection
	GlobalSection(ProjectConfigurationPlatforms) = postSolution
		{FF5D38A0-6C60-434B-96BC-1BA8B16EA297}.Debug|Any CPU.ActiveCfg = Debug|Any CPU
		{FF5D38A0-6C60-434B-96BC-1BA8B16EA297}.Debug|Any CPU.Build.0 = Debug|Any CPU
		{FF5D38A0-6C60-434B-96BC-1BA8B16EA297}.Release|Any CPU.ActiveCfg = Release|Any CPU
		{FF5D38A0-6C60-434B-96BC-1BA8B16EA297}.Release|Any CPU.Build.0 = Release|Any CPU
	EndGlobalSection
	GlobalSection(SolutionProperties) = preSolution
		HideSolutionNode = FALSE
	EndGlobalSection
	GlobalSection(ExtensibilityGlobals) = postSolution
		SolutionGuid = {96810CF3-B77C-46BA-910E-424B4D9818CC}
	EndGlobalSection
EndGlobal
